// !$*UTF8*$!
{
	archiveVersion = 1;
	classes = {
	};
	objectVersion = 51;
	objects = {

/* Begin PBXBuildFile section */
		0039FC11243F859A0071486B /* AttentionAlertViewController.swift in Sources */ = {isa = PBXBuildFile; fileRef = 0039FC0F243F859A0071486B /* AttentionAlertViewController.swift */; };
		0039FC12243F859A0071486B /* AttentionAlertViewController.xib in Resources */ = {isa = PBXBuildFile; fileRef = 0039FC10243F859A0071486B /* AttentionAlertViewController.xib */; };
		0039FC352440B0F40071486B /* AttentionOutZoneAlertViewController.swift in Sources */ = {isa = PBXBuildFile; fileRef = 0039FC332440B0F30071486B /* AttentionOutZoneAlertViewController.swift */; };
		0039FC362440B0F40071486B /* AttentionOutZoneAlertViewController.xib in Resources */ = {isa = PBXBuildFile; fileRef = 0039FC342440B0F30071486B /* AttentionOutZoneAlertViewController.xib */; };
		00AF8DCC243B58F6002AD458 /* CoreBluetooth.framework in Frameworks */ = {isa = PBXBuildFile; fileRef = 00AF8DCB243B58F6002AD458 /* CoreBluetooth.framework */; };
		00E0FEBD243E6D0700FD3DCB /* CustomReachability.swift in Sources */ = {isa = PBXBuildFile; fileRef = 00E0FEBC243E6D0700FD3DCB /* CustomReachability.swift */; };
		469911621E7D434DEE14800B /* Pods_lockDown_lockDownUITests.framework in Frameworks */ = {isa = PBXBuildFile; fileRef = 07CA6D2D03D9DFBEFA5E85B7 /* Pods_lockDown_lockDownUITests.framework */; };
		C127F5BF6723479FAE29EC8B /* Pods_lockDownTests.framework in Frameworks */ = {isa = PBXBuildFile; fileRef = D2BCCF1BC0A16076FE3EF369 /* Pods_lockDownTests.framework */; };
		CD3412B45A2D09888AE1582D /* Pods_lockDown.framework in Frameworks */ = {isa = PBXBuildFile; fileRef = EA45852916987272EE4010E3 /* Pods_lockDown.framework */; };
		FA17C4BD243337B9000516EF /* BiometricsAuthViewController.swift in Sources */ = {isa = PBXBuildFile; fileRef = FA17C4BB243337B9000516EF /* BiometricsAuthViewController.swift */; };
		FA17C4BE243337B9000516EF /* BiometricsAuthViewController.xib in Resources */ = {isa = PBXBuildFile; fileRef = FA17C4BC243337B9000516EF /* BiometricsAuthViewController.xib */; };
		FA66D6442434B8880036D137 /* BaseController.swift in Sources */ = {isa = PBXBuildFile; fileRef = FA66D6432434B8880036D137 /* BaseController.swift */; };
		FA6E9857243293F5000F2C2E /* AppDelegate.swift in Sources */ = {isa = PBXBuildFile; fileRef = FA6E9856243293F5000F2C2E /* AppDelegate.swift */; };
		FA6E985B243293F5000F2C2E /* ViewController.swift in Sources */ = {isa = PBXBuildFile; fileRef = FA6E985A243293F5000F2C2E /* ViewController.swift */; };
		FA6E985E243293F5000F2C2E /* Main.storyboard in Resources */ = {isa = PBXBuildFile; fileRef = FA6E985C243293F5000F2C2E /* Main.storyboard */; };
		FA6E9860243293FB000F2C2E /* Assets.xcassets in Resources */ = {isa = PBXBuildFile; fileRef = FA6E985F243293FB000F2C2E /* Assets.xcassets */; };
		FA6E9863243293FB000F2C2E /* LaunchScreen.storyboard in Resources */ = {isa = PBXBuildFile; fileRef = FA6E9861243293FB000F2C2E /* LaunchScreen.storyboard */; };
		FA6E986E243293FB000F2C2E /* lockDownTests.swift in Sources */ = {isa = PBXBuildFile; fileRef = FA6E986D243293FB000F2C2E /* lockDownTests.swift */; };
		FA6E9879243293FB000F2C2E /* lockDownUITests.swift in Sources */ = {isa = PBXBuildFile; fileRef = FA6E9878243293FB000F2C2E /* lockDownUITests.swift */; };
		FA6E989424329B7B000F2C2E /* APIClient.swift in Sources */ = {isa = PBXBuildFile; fileRef = FA6E989224329B7B000F2C2E /* APIClient.swift */; };
		FA6E989524329B7B000F2C2E /* APIRouter.swift in Sources */ = {isa = PBXBuildFile; fileRef = FA6E989324329B7B000F2C2E /* APIRouter.swift */; };
		FA6E98A024329B83000F2C2E /* Constants.swift in Sources */ = {isa = PBXBuildFile; fileRef = FA6E989724329B83000F2C2E /* Constants.swift */; };
		FA6E98A124329B83000F2C2E /* LanguageManager.swift in Sources */ = {isa = PBXBuildFile; fileRef = FA6E989824329B83000F2C2E /* LanguageManager.swift */; };
		FA6E98A224329B83000F2C2E /* Label.swift in Sources */ = {isa = PBXBuildFile; fileRef = FA6E989A24329B83000F2C2E /* Label.swift */; };
		FA6E98A324329B83000F2C2E /* NormalTextField.swift in Sources */ = {isa = PBXBuildFile; fileRef = FA6E989B24329B83000F2C2E /* NormalTextField.swift */; };
		FA6E98A424329B83000F2C2E /* TextField.swift in Sources */ = {isa = PBXBuildFile; fileRef = FA6E989C24329B83000F2C2E /* TextField.swift */; };
		FA6E98A524329B83000F2C2E /* Checkbox.swift in Sources */ = {isa = PBXBuildFile; fileRef = FA6E989D24329B83000F2C2E /* Checkbox.swift */; };
		FA6E98A624329B83000F2C2E /* Button.swift in Sources */ = {isa = PBXBuildFile; fileRef = FA6E989E24329B83000F2C2E /* Button.swift */; };
		FA6E98AA24329CEA000F2C2E /* LoginViewController.swift in Sources */ = {isa = PBXBuildFile; fileRef = FA6E98A824329CEA000F2C2E /* LoginViewController.swift */; };
		FA6E98AB24329CEA000F2C2E /* LoginViewController.xib in Resources */ = {isa = PBXBuildFile; fileRef = FA6E98A924329CEA000F2C2E /* LoginViewController.xib */; };
		FA6E98AF24329D15000F2C2E /* DashboardViewController.swift in Sources */ = {isa = PBXBuildFile; fileRef = FA6E98AD24329D15000F2C2E /* DashboardViewController.swift */; };
		FA6E98B024329D15000F2C2E /* DashboardViewController.xib in Resources */ = {isa = PBXBuildFile; fileRef = FA6E98AE24329D15000F2C2E /* DashboardViewController.xib */; };
		FA6E98B424329DA0000F2C2E /* MenuViewController.swift in Sources */ = {isa = PBXBuildFile; fileRef = FA6E98B224329DA0000F2C2E /* MenuViewController.swift */; };
		FA6E98B524329DA0000F2C2E /* MenuViewController.xib in Resources */ = {isa = PBXBuildFile; fileRef = FA6E98B324329DA0000F2C2E /* MenuViewController.xib */; };
		FA6E98B7243350CE000F2C2E /* GoogleService-Info.plist in Resources */ = {isa = PBXBuildFile; fileRef = FA6E98B6243350CE000F2C2E /* GoogleService-Info.plist */; };
		FA7ED09624364D1100C0060D /* FinishSignupViewController.swift in Sources */ = {isa = PBXBuildFile; fileRef = FA7ED09424364D1100C0060D /* FinishSignupViewController.swift */; };
		FA7ED09724364D1100C0060D /* FinishSignupViewController.xib in Resources */ = {isa = PBXBuildFile; fileRef = FA7ED09524364D1100C0060D /* FinishSignupViewController.xib */; };
		FA7ED09A243762D200C0060D /* MenuTableViewCell.swift in Sources */ = {isa = PBXBuildFile; fileRef = FA7ED098243762D200C0060D /* MenuTableViewCell.swift */; };
		FA7ED09B243762D200C0060D /* MenuTableViewCell.xib in Resources */ = {isa = PBXBuildFile; fileRef = FA7ED099243762D200C0060D /* MenuTableViewCell.xib */; };
		FA7ED09E24376D3B00C0060D /* ChangeLocationViewController.swift in Sources */ = {isa = PBXBuildFile; fileRef = FA7ED09C24376D3B00C0060D /* ChangeLocationViewController.swift */; };
		FA7ED09F24376D3B00C0060D /* ChangeLocationViewController.xib in Resources */ = {isa = PBXBuildFile; fileRef = FA7ED09D24376D3B00C0060D /* ChangeLocationViewController.xib */; };
		FA9E2379243F2CB300F0E6F2 /* ImagePicker.swift in Sources */ = {isa = PBXBuildFile; fileRef = FA9E2378243F2CB300F0E6F2 /* ImagePicker.swift */; };
		FAB7F3D82433674400061AE5 /* Extensions.swift in Sources */ = {isa = PBXBuildFile; fileRef = FAB7F3D72433674400061AE5 /* Extensions.swift */; };
		FAB7F3E4243371E800061AE5 /* RequestLocationViewController.swift in Sources */ = {isa = PBXBuildFile; fileRef = FAB7F3E2243371E800061AE5 /* RequestLocationViewController.swift */; };
		FAB7F3E5243371E800061AE5 /* RequestLocationViewController.xib in Resources */ = {isa = PBXBuildFile; fileRef = FAB7F3E3243371E800061AE5 /* RequestLocationViewController.xib */; };
		FAB7F3EC2433989F00061AE5 /* Localizable.strings in Resources */ = {isa = PBXBuildFile; fileRef = FAB7F3EA2433989F00061AE5 /* Localizable.strings */; };
		FAB7F41324339B0500061AE5 /* OpenSans-SemiBold.ttf in Resources */ = {isa = PBXBuildFile; fileRef = FAB7F3FD24339B0500061AE5 /* OpenSans-SemiBold.ttf */; };
		FAB7F41524339B0600061AE5 /* Avenir Roman.otf in Resources */ = {isa = PBXBuildFile; fileRef = FAB7F3FF24339B0500061AE5 /* Avenir Roman.otf */; };
		FAB7F41624339B0600061AE5 /* AvenirLTStd-Light.otf in Resources */ = {isa = PBXBuildFile; fileRef = FAB7F40024339B0500061AE5 /* AvenirLTStd-Light.otf */; };
		FAB7F41724339B0600061AE5 /* OpenSans-Light.ttf in Resources */ = {isa = PBXBuildFile; fileRef = FAB7F40124339B0500061AE5 /* OpenSans-Light.ttf */; };
		FAB7F41824339B0600061AE5 /* OpenSans-Italic.ttf in Resources */ = {isa = PBXBuildFile; fileRef = FAB7F40224339B0500061AE5 /* OpenSans-Italic.ttf */; };
		FAB7F41A24339B0600061AE5 /* OpenSans-ExtraBold.ttf in Resources */ = {isa = PBXBuildFile; fileRef = FAB7F40424339B0500061AE5 /* OpenSans-ExtraBold.ttf */; };
		FAB7F41B24339B0600061AE5 /* OpenSans-LightItalic.ttf in Resources */ = {isa = PBXBuildFile; fileRef = FAB7F40524339B0500061AE5 /* OpenSans-LightItalic.ttf */; };
		FAB7F41C24339B0600061AE5 /* OpenSans-Bold.ttf in Resources */ = {isa = PBXBuildFile; fileRef = FAB7F40624339B0500061AE5 /* OpenSans-Bold.ttf */; };
		FAB7F41D24339B0600061AE5 /* AvenirLTStd-Book.otf in Resources */ = {isa = PBXBuildFile; fileRef = FAB7F40724339B0500061AE5 /* AvenirLTStd-Book.otf */; };
		FAB7F41E24339B0600061AE5 /* OpenSans-SemiBoldItalic.ttf in Resources */ = {isa = PBXBuildFile; fileRef = FAB7F40824339B0500061AE5 /* OpenSans-SemiBoldItalic.ttf */; };
		FAB7F41F24339B0600061AE5 /* OpenSans-ExtraBoldItalic.ttf in Resources */ = {isa = PBXBuildFile; fileRef = FAB7F40924339B0500061AE5 /* OpenSans-ExtraBoldItalic.ttf */; };
		FAB7F42024339B0600061AE5 /* OpenSans-Regular.ttf in Resources */ = {isa = PBXBuildFile; fileRef = FAB7F40A24339B0500061AE5 /* OpenSans-Regular.ttf */; };
		FAB7F42124339B0600061AE5 /* OpenSans-BoldItalic.ttf in Resources */ = {isa = PBXBuildFile; fileRef = FAB7F40B24339B0500061AE5 /* OpenSans-BoldItalic.ttf */; };
		FAB7F42224339B0600061AE5 /* AvenirLTStd-Roman.otf in Resources */ = {isa = PBXBuildFile; fileRef = FAB7F40C24339B0500061AE5 /* AvenirLTStd-Roman.otf */; };
		FAB9B83F2438FC85007364E7 /* CheckInViewController.swift in Sources */ = {isa = PBXBuildFile; fileRef = FAB9B83D2438FC85007364E7 /* CheckInViewController.swift */; };
		FAB9B8402438FC85007364E7 /* CheckInViewController.xib in Resources */ = {isa = PBXBuildFile; fileRef = FAB9B83E2438FC85007364E7 /* CheckInViewController.xib */; };
		FAC36C812435DCFC002B4928 /* UserData.swift in Sources */ = {isa = PBXBuildFile; fileRef = FAC36C802435DCFC002B4928 /* UserData.swift */; };
		FAC36C8424375E50002B4928 /* BiometricsBottomViewController.swift in Sources */ = {isa = PBXBuildFile; fileRef = FAC36C8224375E50002B4928 /* BiometricsBottomViewController.swift */; };
		FAC36C8524375E50002B4928 /* BiometricsBottomViewController.xib in Resources */ = {isa = PBXBuildFile; fileRef = FAC36C8324375E50002B4928 /* BiometricsBottomViewController.xib */; };
		FAC36C9824388868002B4928 /* WelcomeViewController.swift in Sources */ = {isa = PBXBuildFile; fileRef = FAC36C9624388868002B4928 /* WelcomeViewController.swift */; };
		FAC36C9924388868002B4928 /* WelcomeViewController.xib in Resources */ = {isa = PBXBuildFile; fileRef = FAC36C9724388868002B4928 /* WelcomeViewController.xib */; };
		FAC36C9D24388894002B4928 /* SurveyViewController.swift in Sources */ = {isa = PBXBuildFile; fileRef = FAC36C9B24388894002B4928 /* SurveyViewController.swift */; };
		FAC36C9E24388894002B4928 /* SurveyViewController.xib in Resources */ = {isa = PBXBuildFile; fileRef = FAC36C9C24388894002B4928 /* SurveyViewController.xib */; };
		FAC36CA1243888BA002B4928 /* SurveyCell.swift in Sources */ = {isa = PBXBuildFile; fileRef = FAC36C9F243888BA002B4928 /* SurveyCell.swift */; };
		FAC36CA2243888BA002B4928 /* SurveyCell.xib in Resources */ = {isa = PBXBuildFile; fileRef = FAC36CA0243888BA002B4928 /* SurveyCell.xib */; };
		FAC81E712438CEE9002DBADE /* EmergencyViewController.xib in Resources */ = {isa = PBXBuildFile; fileRef = FAC81E6F2438CEE9002DBADE /* EmergencyViewController.xib */; };
		FAC81E722438CEE9002DBADE /* EmergencyViewController.swift in Sources */ = {isa = PBXBuildFile; fileRef = FAC81E702438CEE9002DBADE /* EmergencyViewController.swift */; };
		FAC81E762438CF29002DBADE /* ContactUsViewController.swift in Sources */ = {isa = PBXBuildFile; fileRef = FAC81E742438CF29002DBADE /* ContactUsViewController.swift */; };
		FAC81E772438CF29002DBADE /* ContactUsViewController.xib in Resources */ = {isa = PBXBuildFile; fileRef = FAC81E752438CF29002DBADE /* ContactUsViewController.xib */; };
		FAC81E7B243A1EB2002DBADE /* LandingViewController.swift in Sources */ = {isa = PBXBuildFile; fileRef = FAC81E79243A1EB2002DBADE /* LandingViewController.swift */; };
		FAC81E7C243A1EB2002DBADE /* LandingViewController.xib in Resources */ = {isa = PBXBuildFile; fileRef = FAC81E7A243A1EB2002DBADE /* LandingViewController.xib */; };
		FAC81E80243A84A7002DBADE /* ContentViewController.swift in Sources */ = {isa = PBXBuildFile; fileRef = FAC81E7E243A84A7002DBADE /* ContentViewController.swift */; };
		FAC81E81243A84A7002DBADE /* ContentViewController.xib in Resources */ = {isa = PBXBuildFile; fileRef = FAC81E7F243A84A7002DBADE /* ContentViewController.xib */; };
		FADB80F4243DFDFB00A31CC1 /* FailCheckInViewController.swift in Sources */ = {isa = PBXBuildFile; fileRef = FADB80F2243DFDFA00A31CC1 /* FailCheckInViewController.swift */; };
		FADB80F5243DFDFB00A31CC1 /* FailCheckInViewController.xib in Resources */ = {isa = PBXBuildFile; fileRef = FADB80F3243DFDFA00A31CC1 /* FailCheckInViewController.xib */; };
		FAE627DB243CE4A90011B7A1 /* CustomTimer.swift in Sources */ = {isa = PBXBuildFile; fileRef = FAE627DA243CE4A90011B7A1 /* CustomTimer.swift */; };
/* End PBXBuildFile section */

/* Begin PBXContainerItemProxy section */
		FA6E986A243293FB000F2C2E /* PBXContainerItemProxy */ = {
			isa = PBXContainerItemProxy;
			containerPortal = FA6E984B243293F5000F2C2E /* Project object */;
			proxyType = 1;
			remoteGlobalIDString = FA6E9852243293F5000F2C2E;
			remoteInfo = lockDown;
		};
		FA6E9875243293FB000F2C2E /* PBXContainerItemProxy */ = {
			isa = PBXContainerItemProxy;
			containerPortal = FA6E984B243293F5000F2C2E /* Project object */;
			proxyType = 1;
			remoteGlobalIDString = FA6E9852243293F5000F2C2E;
			remoteInfo = lockDown;
		};
/* End PBXContainerItemProxy section */

/* Begin PBXFileReference section */
		0039FC0F243F859A0071486B /* AttentionAlertViewController.swift */ = {isa = PBXFileReference; lastKnownFileType = sourcecode.swift; path = AttentionAlertViewController.swift; sourceTree = "<group>"; };
		0039FC10243F859A0071486B /* AttentionAlertViewController.xib */ = {isa = PBXFileReference; lastKnownFileType = file.xib; path = AttentionAlertViewController.xib; sourceTree = "<group>"; };
		0039FC332440B0F30071486B /* AttentionOutZoneAlertViewController.swift */ = {isa = PBXFileReference; lastKnownFileType = sourcecode.swift; path = AttentionOutZoneAlertViewController.swift; sourceTree = "<group>"; };
		0039FC342440B0F30071486B /* AttentionOutZoneAlertViewController.xib */ = {isa = PBXFileReference; lastKnownFileType = file.xib; path = AttentionOutZoneAlertViewController.xib; sourceTree = "<group>"; };
		00AF8DCB243B58F6002AD458 /* CoreBluetooth.framework */ = {isa = PBXFileReference; lastKnownFileType = wrapper.framework; name = CoreBluetooth.framework; path = System/Library/Frameworks/CoreBluetooth.framework; sourceTree = SDKROOT; };
		00E0FEBC243E6D0700FD3DCB /* CustomReachability.swift */ = {isa = PBXFileReference; lastKnownFileType = sourcecode.swift; path = CustomReachability.swift; sourceTree = "<group>"; };
		07CA6D2D03D9DFBEFA5E85B7 /* Pods_lockDown_lockDownUITests.framework */ = {isa = PBXFileReference; explicitFileType = wrapper.framework; includeInIndex = 0; path = Pods_lockDown_lockDownUITests.framework; sourceTree = BUILT_PRODUCTS_DIR; };
		22C13EC0E87A2759A3921A8D /* Pods-lockDownTests.release.xcconfig */ = {isa = PBXFileReference; includeInIndex = 1; lastKnownFileType = text.xcconfig; name = "Pods-lockDownTests.release.xcconfig"; path = "Target Support Files/Pods-lockDownTests/Pods-lockDownTests.release.xcconfig"; sourceTree = "<group>"; };
		2344FD5529BBC0EA5178F562 /* Pods-lockDown-lockDownUITests.release.xcconfig */ = {isa = PBXFileReference; includeInIndex = 1; lastKnownFileType = text.xcconfig; name = "Pods-lockDown-lockDownUITests.release.xcconfig"; path = "Target Support Files/Pods-lockDown-lockDownUITests/Pods-lockDown-lockDownUITests.release.xcconfig"; sourceTree = "<group>"; };
		9E60CBB6F69810185B51306C /* Pods-lockDown-lockDownUITests.debug.xcconfig */ = {isa = PBXFileReference; includeInIndex = 1; lastKnownFileType = text.xcconfig; name = "Pods-lockDown-lockDownUITests.debug.xcconfig"; path = "Target Support Files/Pods-lockDown-lockDownUITests/Pods-lockDown-lockDownUITests.debug.xcconfig"; sourceTree = "<group>"; };
		D2BCCF1BC0A16076FE3EF369 /* Pods_lockDownTests.framework */ = {isa = PBXFileReference; explicitFileType = wrapper.framework; includeInIndex = 0; path = Pods_lockDownTests.framework; sourceTree = BUILT_PRODUCTS_DIR; };
		E7DE332401585B97E3467E89 /* Pods-lockDown.debug.xcconfig */ = {isa = PBXFileReference; includeInIndex = 1; lastKnownFileType = text.xcconfig; name = "Pods-lockDown.debug.xcconfig"; path = "Target Support Files/Pods-lockDown/Pods-lockDown.debug.xcconfig"; sourceTree = "<group>"; };
		EA45852916987272EE4010E3 /* Pods_lockDown.framework */ = {isa = PBXFileReference; explicitFileType = wrapper.framework; includeInIndex = 0; path = Pods_lockDown.framework; sourceTree = BUILT_PRODUCTS_DIR; };
		F261705A9F8FED30AE760D35 /* Pods-lockDown.release.xcconfig */ = {isa = PBXFileReference; includeInIndex = 1; lastKnownFileType = text.xcconfig; name = "Pods-lockDown.release.xcconfig"; path = "Target Support Files/Pods-lockDown/Pods-lockDown.release.xcconfig"; sourceTree = "<group>"; };
		FA17C4BB243337B9000516EF /* BiometricsAuthViewController.swift */ = {isa = PBXFileReference; lastKnownFileType = sourcecode.swift; path = BiometricsAuthViewController.swift; sourceTree = "<group>"; };
		FA17C4BC243337B9000516EF /* BiometricsAuthViewController.xib */ = {isa = PBXFileReference; lastKnownFileType = file.xib; path = BiometricsAuthViewController.xib; sourceTree = "<group>"; };
		FA66D6432434B8880036D137 /* BaseController.swift */ = {isa = PBXFileReference; fileEncoding = 4; lastKnownFileType = sourcecode.swift; path = BaseController.swift; sourceTree = "<group>"; };
		FA6E9853243293F5000F2C2E /* lockDown.app */ = {isa = PBXFileReference; explicitFileType = wrapper.application; includeInIndex = 0; path = lockDown.app; sourceTree = BUILT_PRODUCTS_DIR; };
		FA6E9856243293F5000F2C2E /* AppDelegate.swift */ = {isa = PBXFileReference; lastKnownFileType = sourcecode.swift; path = AppDelegate.swift; sourceTree = "<group>"; };
		FA6E985A243293F5000F2C2E /* ViewController.swift */ = {isa = PBXFileReference; lastKnownFileType = sourcecode.swift; path = ViewController.swift; sourceTree = "<group>"; };
		FA6E985D243293F5000F2C2E /* Base */ = {isa = PBXFileReference; lastKnownFileType = file.storyboard; name = Base; path = Base.lproj/Main.storyboard; sourceTree = "<group>"; };
		FA6E985F243293FB000F2C2E /* Assets.xcassets */ = {isa = PBXFileReference; lastKnownFileType = folder.assetcatalog; path = Assets.xcassets; sourceTree = "<group>"; };
		FA6E9862243293FB000F2C2E /* Base */ = {isa = PBXFileReference; lastKnownFileType = file.storyboard; name = Base; path = Base.lproj/LaunchScreen.storyboard; sourceTree = "<group>"; };
		FA6E9864243293FB000F2C2E /* Info.plist */ = {isa = PBXFileReference; lastKnownFileType = text.plist.xml; path = Info.plist; sourceTree = "<group>"; };
		FA6E9869243293FB000F2C2E /* lockDownTests.xctest */ = {isa = PBXFileReference; explicitFileType = wrapper.cfbundle; includeInIndex = 0; path = lockDownTests.xctest; sourceTree = BUILT_PRODUCTS_DIR; };
		FA6E986D243293FB000F2C2E /* lockDownTests.swift */ = {isa = PBXFileReference; lastKnownFileType = sourcecode.swift; path = lockDownTests.swift; sourceTree = "<group>"; };
		FA6E986F243293FB000F2C2E /* Info.plist */ = {isa = PBXFileReference; lastKnownFileType = text.plist.xml; path = Info.plist; sourceTree = "<group>"; };
		FA6E9874243293FB000F2C2E /* lockDownUITests.xctest */ = {isa = PBXFileReference; explicitFileType = wrapper.cfbundle; includeInIndex = 0; path = lockDownUITests.xctest; sourceTree = BUILT_PRODUCTS_DIR; };
		FA6E9878243293FB000F2C2E /* lockDownUITests.swift */ = {isa = PBXFileReference; lastKnownFileType = sourcecode.swift; path = lockDownUITests.swift; sourceTree = "<group>"; };
		FA6E987A243293FB000F2C2E /* Info.plist */ = {isa = PBXFileReference; lastKnownFileType = text.plist.xml; path = Info.plist; sourceTree = "<group>"; };
		FA6E989224329B7B000F2C2E /* APIClient.swift */ = {isa = PBXFileReference; fileEncoding = 4; lastKnownFileType = sourcecode.swift; path = APIClient.swift; sourceTree = "<group>"; };
		FA6E989324329B7B000F2C2E /* APIRouter.swift */ = {isa = PBXFileReference; fileEncoding = 4; lastKnownFileType = sourcecode.swift; path = APIRouter.swift; sourceTree = "<group>"; };
		FA6E989724329B83000F2C2E /* Constants.swift */ = {isa = PBXFileReference; fileEncoding = 4; lastKnownFileType = sourcecode.swift; path = Constants.swift; sourceTree = "<group>"; };
		FA6E989824329B83000F2C2E /* LanguageManager.swift */ = {isa = PBXFileReference; fileEncoding = 4; lastKnownFileType = sourcecode.swift; path = LanguageManager.swift; sourceTree = "<group>"; };
		FA6E989A24329B83000F2C2E /* Label.swift */ = {isa = PBXFileReference; fileEncoding = 4; lastKnownFileType = sourcecode.swift; path = Label.swift; sourceTree = "<group>"; };
		FA6E989B24329B83000F2C2E /* NormalTextField.swift */ = {isa = PBXFileReference; fileEncoding = 4; lastKnownFileType = sourcecode.swift; path = NormalTextField.swift; sourceTree = "<group>"; };
		FA6E989C24329B83000F2C2E /* TextField.swift */ = {isa = PBXFileReference; fileEncoding = 4; lastKnownFileType = sourcecode.swift; path = TextField.swift; sourceTree = "<group>"; };
		FA6E989D24329B83000F2C2E /* Checkbox.swift */ = {isa = PBXFileReference; fileEncoding = 4; lastKnownFileType = sourcecode.swift; path = Checkbox.swift; sourceTree = "<group>"; };
		FA6E989E24329B83000F2C2E /* Button.swift */ = {isa = PBXFileReference; fileEncoding = 4; lastKnownFileType = sourcecode.swift; path = Button.swift; sourceTree = "<group>"; };
		FA6E98A824329CEA000F2C2E /* LoginViewController.swift */ = {isa = PBXFileReference; lastKnownFileType = sourcecode.swift; path = LoginViewController.swift; sourceTree = "<group>"; };
		FA6E98A924329CEA000F2C2E /* LoginViewController.xib */ = {isa = PBXFileReference; lastKnownFileType = file.xib; path = LoginViewController.xib; sourceTree = "<group>"; };
		FA6E98AD24329D15000F2C2E /* DashboardViewController.swift */ = {isa = PBXFileReference; lastKnownFileType = sourcecode.swift; path = DashboardViewController.swift; sourceTree = "<group>"; };
		FA6E98AE24329D15000F2C2E /* DashboardViewController.xib */ = {isa = PBXFileReference; lastKnownFileType = file.xib; path = DashboardViewController.xib; sourceTree = "<group>"; };
		FA6E98B224329DA0000F2C2E /* MenuViewController.swift */ = {isa = PBXFileReference; lastKnownFileType = sourcecode.swift; path = MenuViewController.swift; sourceTree = "<group>"; };
		FA6E98B324329DA0000F2C2E /* MenuViewController.xib */ = {isa = PBXFileReference; lastKnownFileType = file.xib; path = MenuViewController.xib; sourceTree = "<group>"; };
		FA6E98B6243350CE000F2C2E /* GoogleService-Info.plist */ = {isa = PBXFileReference; fileEncoding = 4; lastKnownFileType = text.plist.xml; path = "GoogleService-Info.plist"; sourceTree = "<group>"; };
		FA6E98B824335647000F2C2E /* lockDown.entitlements */ = {isa = PBXFileReference; lastKnownFileType = text.plist.entitlements; path = lockDown.entitlements; sourceTree = "<group>"; };
		FA7ED09424364D1100C0060D /* FinishSignupViewController.swift */ = {isa = PBXFileReference; lastKnownFileType = sourcecode.swift; path = FinishSignupViewController.swift; sourceTree = "<group>"; };
		FA7ED09524364D1100C0060D /* FinishSignupViewController.xib */ = {isa = PBXFileReference; lastKnownFileType = file.xib; path = FinishSignupViewController.xib; sourceTree = "<group>"; };
		FA7ED098243762D200C0060D /* MenuTableViewCell.swift */ = {isa = PBXFileReference; fileEncoding = 4; lastKnownFileType = sourcecode.swift; path = MenuTableViewCell.swift; sourceTree = "<group>"; };
		FA7ED099243762D200C0060D /* MenuTableViewCell.xib */ = {isa = PBXFileReference; fileEncoding = 4; lastKnownFileType = file.xib; path = MenuTableViewCell.xib; sourceTree = "<group>"; };
		FA7ED09C24376D3B00C0060D /* ChangeLocationViewController.swift */ = {isa = PBXFileReference; lastKnownFileType = sourcecode.swift; path = ChangeLocationViewController.swift; sourceTree = "<group>"; };
		FA7ED09D24376D3B00C0060D /* ChangeLocationViewController.xib */ = {isa = PBXFileReference; lastKnownFileType = file.xib; path = ChangeLocationViewController.xib; sourceTree = "<group>"; };
		FA9E2378243F2CB300F0E6F2 /* ImagePicker.swift */ = {isa = PBXFileReference; fileEncoding = 4; lastKnownFileType = sourcecode.swift; path = ImagePicker.swift; sourceTree = "<group>"; };
		FAB7F3D72433674400061AE5 /* Extensions.swift */ = {isa = PBXFileReference; fileEncoding = 4; lastKnownFileType = sourcecode.swift; path = Extensions.swift; sourceTree = "<group>"; };
		FAB7F3E2243371E800061AE5 /* RequestLocationViewController.swift */ = {isa = PBXFileReference; lastKnownFileType = sourcecode.swift; path = RequestLocationViewController.swift; sourceTree = "<group>"; };
		FAB7F3E3243371E800061AE5 /* RequestLocationViewController.xib */ = {isa = PBXFileReference; lastKnownFileType = file.xib; path = RequestLocationViewController.xib; sourceTree = "<group>"; };
		FAB7F3E62433982100061AE5 /* ar */ = {isa = PBXFileReference; lastKnownFileType = text.plist.strings; name = ar; path = ar.lproj/Main.strings; sourceTree = "<group>"; };
		FAB7F3E72433982100061AE5 /* ar */ = {isa = PBXFileReference; lastKnownFileType = text.plist.strings; name = ar; path = ar.lproj/LaunchScreen.strings; sourceTree = "<group>"; };
		FAB7F3EB2433989F00061AE5 /* Base */ = {isa = PBXFileReference; lastKnownFileType = text.plist.strings; name = Base; path = Base.lproj/Localizable.strings; sourceTree = "<group>"; };
		FAB7F3ED243398BA00061AE5 /* ar */ = {isa = PBXFileReference; lastKnownFileType = text.plist.strings; name = ar; path = ar.lproj/Localizable.strings; sourceTree = "<group>"; };
		FAB7F3EE243398BB00061AE5 /* en */ = {isa = PBXFileReference; lastKnownFileType = text.plist.strings; name = en; path = en.lproj/Localizable.strings; sourceTree = "<group>"; };
		FAB7F3FD24339B0500061AE5 /* OpenSans-SemiBold.ttf */ = {isa = PBXFileReference; lastKnownFileType = file; path = "OpenSans-SemiBold.ttf"; sourceTree = "<group>"; };
		FAB7F3FF24339B0500061AE5 /* Avenir Roman.otf */ = {isa = PBXFileReference; lastKnownFileType = file; path = "Avenir Roman.otf"; sourceTree = "<group>"; };
		FAB7F40024339B0500061AE5 /* AvenirLTStd-Light.otf */ = {isa = PBXFileReference; lastKnownFileType = file; path = "AvenirLTStd-Light.otf"; sourceTree = "<group>"; };
		FAB7F40124339B0500061AE5 /* OpenSans-Light.ttf */ = {isa = PBXFileReference; lastKnownFileType = file; path = "OpenSans-Light.ttf"; sourceTree = "<group>"; };
		FAB7F40224339B0500061AE5 /* OpenSans-Italic.ttf */ = {isa = PBXFileReference; lastKnownFileType = file; path = "OpenSans-Italic.ttf"; sourceTree = "<group>"; };
		FAB7F40424339B0500061AE5 /* OpenSans-ExtraBold.ttf */ = {isa = PBXFileReference; lastKnownFileType = file; path = "OpenSans-ExtraBold.ttf"; sourceTree = "<group>"; };
		FAB7F40524339B0500061AE5 /* OpenSans-LightItalic.ttf */ = {isa = PBXFileReference; lastKnownFileType = file; path = "OpenSans-LightItalic.ttf"; sourceTree = "<group>"; };
		FAB7F40624339B0500061AE5 /* OpenSans-Bold.ttf */ = {isa = PBXFileReference; lastKnownFileType = file; path = "OpenSans-Bold.ttf"; sourceTree = "<group>"; };
		FAB7F40724339B0500061AE5 /* AvenirLTStd-Book.otf */ = {isa = PBXFileReference; lastKnownFileType = file; path = "AvenirLTStd-Book.otf"; sourceTree = "<group>"; };
		FAB7F40824339B0500061AE5 /* OpenSans-SemiBoldItalic.ttf */ = {isa = PBXFileReference; lastKnownFileType = file; path = "OpenSans-SemiBoldItalic.ttf"; sourceTree = "<group>"; };
		FAB7F40924339B0500061AE5 /* OpenSans-ExtraBoldItalic.ttf */ = {isa = PBXFileReference; lastKnownFileType = file; path = "OpenSans-ExtraBoldItalic.ttf"; sourceTree = "<group>"; };
		FAB7F40A24339B0500061AE5 /* OpenSans-Regular.ttf */ = {isa = PBXFileReference; lastKnownFileType = file; path = "OpenSans-Regular.ttf"; sourceTree = "<group>"; };
		FAB7F40B24339B0500061AE5 /* OpenSans-BoldItalic.ttf */ = {isa = PBXFileReference; lastKnownFileType = file; path = "OpenSans-BoldItalic.ttf"; sourceTree = "<group>"; };
		FAB7F40C24339B0500061AE5 /* AvenirLTStd-Roman.otf */ = {isa = PBXFileReference; lastKnownFileType = file; path = "AvenirLTStd-Roman.otf"; sourceTree = "<group>"; };
		FAB9B83D2438FC85007364E7 /* CheckInViewController.swift */ = {isa = PBXFileReference; lastKnownFileType = sourcecode.swift; path = CheckInViewController.swift; sourceTree = "<group>"; };
		FAB9B83E2438FC85007364E7 /* CheckInViewController.xib */ = {isa = PBXFileReference; lastKnownFileType = file.xib; path = CheckInViewController.xib; sourceTree = "<group>"; };
		FAC36C802435DCFC002B4928 /* UserData.swift */ = {isa = PBXFileReference; lastKnownFileType = sourcecode.swift; path = UserData.swift; sourceTree = "<group>"; };
		FAC36C8224375E50002B4928 /* BiometricsBottomViewController.swift */ = {isa = PBXFileReference; lastKnownFileType = sourcecode.swift; path = BiometricsBottomViewController.swift; sourceTree = "<group>"; };
		FAC36C8324375E50002B4928 /* BiometricsBottomViewController.xib */ = {isa = PBXFileReference; lastKnownFileType = file.xib; path = BiometricsBottomViewController.xib; sourceTree = "<group>"; };
		FAC36C9624388868002B4928 /* WelcomeViewController.swift */ = {isa = PBXFileReference; lastKnownFileType = sourcecode.swift; path = WelcomeViewController.swift; sourceTree = "<group>"; };
		FAC36C9724388868002B4928 /* WelcomeViewController.xib */ = {isa = PBXFileReference; lastKnownFileType = file.xib; path = WelcomeViewController.xib; sourceTree = "<group>"; };
		FAC36C9B24388894002B4928 /* SurveyViewController.swift */ = {isa = PBXFileReference; lastKnownFileType = sourcecode.swift; path = SurveyViewController.swift; sourceTree = "<group>"; };
		FAC36C9C24388894002B4928 /* SurveyViewController.xib */ = {isa = PBXFileReference; lastKnownFileType = file.xib; path = SurveyViewController.xib; sourceTree = "<group>"; };
		FAC36C9F243888BA002B4928 /* SurveyCell.swift */ = {isa = PBXFileReference; lastKnownFileType = sourcecode.swift; path = SurveyCell.swift; sourceTree = "<group>"; };
		FAC36CA0243888BA002B4928 /* SurveyCell.xib */ = {isa = PBXFileReference; lastKnownFileType = file.xib; path = SurveyCell.xib; sourceTree = "<group>"; };
		FAC81E6F2438CEE9002DBADE /* EmergencyViewController.xib */ = {isa = PBXFileReference; fileEncoding = 4; lastKnownFileType = file.xib; path = EmergencyViewController.xib; sourceTree = "<group>"; };
		FAC81E702438CEE9002DBADE /* EmergencyViewController.swift */ = {isa = PBXFileReference; fileEncoding = 4; lastKnownFileType = sourcecode.swift; path = EmergencyViewController.swift; sourceTree = "<group>"; };
		FAC81E742438CF29002DBADE /* ContactUsViewController.swift */ = {isa = PBXFileReference; lastKnownFileType = sourcecode.swift; path = ContactUsViewController.swift; sourceTree = "<group>"; };
		FAC81E752438CF29002DBADE /* ContactUsViewController.xib */ = {isa = PBXFileReference; lastKnownFileType = file.xib; path = ContactUsViewController.xib; sourceTree = "<group>"; };
		FAC81E79243A1EB2002DBADE /* LandingViewController.swift */ = {isa = PBXFileReference; lastKnownFileType = sourcecode.swift; path = LandingViewController.swift; sourceTree = "<group>"; };
		FAC81E7A243A1EB2002DBADE /* LandingViewController.xib */ = {isa = PBXFileReference; lastKnownFileType = file.xib; path = LandingViewController.xib; sourceTree = "<group>"; };
		FAC81E7E243A84A7002DBADE /* ContentViewController.swift */ = {isa = PBXFileReference; lastKnownFileType = sourcecode.swift; path = ContentViewController.swift; sourceTree = "<group>"; };
		FAC81E7F243A84A7002DBADE /* ContentViewController.xib */ = {isa = PBXFileReference; lastKnownFileType = file.xib; path = ContentViewController.xib; sourceTree = "<group>"; };
		FADB80F2243DFDFA00A31CC1 /* FailCheckInViewController.swift */ = {isa = PBXFileReference; lastKnownFileType = sourcecode.swift; path = FailCheckInViewController.swift; sourceTree = "<group>"; };
		FADB80F3243DFDFA00A31CC1 /* FailCheckInViewController.xib */ = {isa = PBXFileReference; lastKnownFileType = file.xib; path = FailCheckInViewController.xib; sourceTree = "<group>"; };
		FAE627DA243CE4A90011B7A1 /* CustomTimer.swift */ = {isa = PBXFileReference; lastKnownFileType = sourcecode.swift; path = CustomTimer.swift; sourceTree = "<group>"; };
		FF396EA1F94943DCDE0350F6 /* Pods-lockDownTests.debug.xcconfig */ = {isa = PBXFileReference; includeInIndex = 1; lastKnownFileType = text.xcconfig; name = "Pods-lockDownTests.debug.xcconfig"; path = "Target Support Files/Pods-lockDownTests/Pods-lockDownTests.debug.xcconfig"; sourceTree = "<group>"; };
/* End PBXFileReference section */

/* Begin PBXFrameworksBuildPhase section */
		FA6E9850243293F5000F2C2E /* Frameworks */ = {
			isa = PBXFrameworksBuildPhase;
			buildActionMask = 2147483647;
			files = (
				00AF8DCC243B58F6002AD458 /* CoreBluetooth.framework in Frameworks */,
				CD3412B45A2D09888AE1582D /* Pods_lockDown.framework in Frameworks */,
			);
			runOnlyForDeploymentPostprocessing = 0;
		};
		FA6E9866243293FB000F2C2E /* Frameworks */ = {
			isa = PBXFrameworksBuildPhase;
			buildActionMask = 2147483647;
			files = (
				C127F5BF6723479FAE29EC8B /* Pods_lockDownTests.framework in Frameworks */,
			);
			runOnlyForDeploymentPostprocessing = 0;
		};
		FA6E9871243293FB000F2C2E /* Frameworks */ = {
			isa = PBXFrameworksBuildPhase;
			buildActionMask = 2147483647;
			files = (
				469911621E7D434DEE14800B /* Pods_lockDown_lockDownUITests.framework in Frameworks */,
			);
			runOnlyForDeploymentPostprocessing = 0;
		};
/* End PBXFrameworksBuildPhase section */

/* Begin PBXGroup section */
		68425B7AF763525B531592C0 /* Frameworks */ = {
			isa = PBXGroup;
			children = (
				00AF8DCB243B58F6002AD458 /* CoreBluetooth.framework */,
				EA45852916987272EE4010E3 /* Pods_lockDown.framework */,
				07CA6D2D03D9DFBEFA5E85B7 /* Pods_lockDown_lockDownUITests.framework */,
				D2BCCF1BC0A16076FE3EF369 /* Pods_lockDownTests.framework */,
			);
			name = Frameworks;
			sourceTree = "<group>";
		};
		6A0E817FEB80EA3C30DA19F3 /* Pods */ = {
			isa = PBXGroup;
			children = (
				E7DE332401585B97E3467E89 /* Pods-lockDown.debug.xcconfig */,
				F261705A9F8FED30AE760D35 /* Pods-lockDown.release.xcconfig */,
				9E60CBB6F69810185B51306C /* Pods-lockDown-lockDownUITests.debug.xcconfig */,
				2344FD5529BBC0EA5178F562 /* Pods-lockDown-lockDownUITests.release.xcconfig */,
				FF396EA1F94943DCDE0350F6 /* Pods-lockDownTests.debug.xcconfig */,
				22C13EC0E87A2759A3921A8D /* Pods-lockDownTests.release.xcconfig */,
			);
			path = Pods;
			sourceTree = "<group>";
		};
		FA17C4BA2433377E000516EF /* BiometricsAuthentication */ = {
			isa = PBXGroup;
			children = (
				FA17C4BB243337B9000516EF /* BiometricsAuthViewController.swift */,
				FA17C4BC243337B9000516EF /* BiometricsAuthViewController.xib */,
				FAC36C8224375E50002B4928 /* BiometricsBottomViewController.swift */,
				FAC36C8324375E50002B4928 /* BiometricsBottomViewController.xib */,
			);
			path = BiometricsAuthentication;
			sourceTree = "<group>";
		};
		FA6E984A243293F5000F2C2E = {
			isa = PBXGroup;
			children = (
				FA6E9855243293F5000F2C2E /* lockDown */,
				FA6E986C243293FB000F2C2E /* lockDownTests */,
				FA6E9877243293FB000F2C2E /* lockDownUITests */,
				FA6E9854243293F5000F2C2E /* Products */,
				6A0E817FEB80EA3C30DA19F3 /* Pods */,
				68425B7AF763525B531592C0 /* Frameworks */,
			);
			sourceTree = "<group>";
		};
		FA6E9854243293F5000F2C2E /* Products */ = {
			isa = PBXGroup;
			children = (
				FA6E9853243293F5000F2C2E /* lockDown.app */,
				FA6E9869243293FB000F2C2E /* lockDownTests.xctest */,
				FA6E9874243293FB000F2C2E /* lockDownUITests.xctest */,
			);
			name = Products;
			sourceTree = "<group>";
		};
		FA6E9855243293F5000F2C2E /* lockDown */ = {
			isa = PBXGroup;
			children = (
				FAC81E7D243A83DD002DBADE /* WebContainer */,
				FAC81E78243A1E8F002DBADE /* LandingPage */,
				FAC81E732438CEF5002DBADE /* ContactUs */,
				FAC81E6E2438CEE9002DBADE /* Emergency */,
				FAB9B83C2438FC3E007364E7 /* CheckIn */,
				FAC36C9524388829002B4928 /* SignUp */,
				FAC36C7F2435DCB0002B4928 /* Entities */,
				FAB7F3EF24339B0500061AE5 /* Resources */,
				FAB7F3E12433719800061AE5 /* BottomViews */,
				FA6E98B824335647000F2C2E /* lockDown.entitlements */,
				FA6E98B124329D7D000F2C2E /* Menu */,
				FA6E98AC24329CFA000F2C2E /* Dashboard */,
				FA6E98A724329CCF000F2C2E /* Login */,
				FA6E989124329B7B000F2C2E /* Network */,
				FA6E989624329B83000F2C2E /* Common */,
				FA6E9856243293F5000F2C2E /* AppDelegate.swift */,
				FA6E985A243293F5000F2C2E /* ViewController.swift */,
				FA6E985C243293F5000F2C2E /* Main.storyboard */,
				FA6E985F243293FB000F2C2E /* Assets.xcassets */,
				FA6E9861243293FB000F2C2E /* LaunchScreen.storyboard */,
				FA6E9864243293FB000F2C2E /* Info.plist */,
				FA6E98B6243350CE000F2C2E /* GoogleService-Info.plist */,
				FAB7F3EA2433989F00061AE5 /* Localizable.strings */,
			);
			path = lockDown;
			sourceTree = "<group>";
		};
		FA6E986C243293FB000F2C2E /* lockDownTests */ = {
			isa = PBXGroup;
			children = (
				FA6E986D243293FB000F2C2E /* lockDownTests.swift */,
				FA6E986F243293FB000F2C2E /* Info.plist */,
			);
			path = lockDownTests;
			sourceTree = "<group>";
		};
		FA6E9877243293FB000F2C2E /* lockDownUITests */ = {
			isa = PBXGroup;
			children = (
				FA6E9878243293FB000F2C2E /* lockDownUITests.swift */,
				FA6E987A243293FB000F2C2E /* Info.plist */,
			);
			path = lockDownUITests;
			sourceTree = "<group>";
		};
		FA6E989124329B7B000F2C2E /* Network */ = {
			isa = PBXGroup;
			children = (
				FA6E989224329B7B000F2C2E /* APIClient.swift */,
				FA6E989324329B7B000F2C2E /* APIRouter.swift */,
				00E0FEBC243E6D0700FD3DCB /* CustomReachability.swift */,
			);
			path = Network;
			sourceTree = "<group>";
		};
		FA6E989624329B83000F2C2E /* Common */ = {
			isa = PBXGroup;
			children = (
				FAE627DA243CE4A90011B7A1 /* CustomTimer.swift */,
				FA66D6432434B8880036D137 /* BaseController.swift */,
				FAB7F3D72433674400061AE5 /* Extensions.swift */,
				FA6E989724329B83000F2C2E /* Constants.swift */,
				FA6E989824329B83000F2C2E /* LanguageManager.swift */,
				FA6E989924329B83000F2C2E /* Component */,
			);
			path = Common;
			sourceTree = "<group>";
		};
		FA6E989924329B83000F2C2E /* Component */ = {
			isa = PBXGroup;
			children = (
				FA6E989A24329B83000F2C2E /* Label.swift */,
				FA6E989B24329B83000F2C2E /* NormalTextField.swift */,
				FA6E989C24329B83000F2C2E /* TextField.swift */,
				FA6E989D24329B83000F2C2E /* Checkbox.swift */,
				FA6E989E24329B83000F2C2E /* Button.swift */,
			);
			path = Component;
			sourceTree = "<group>";
		};
		FA6E98A724329CCF000F2C2E /* Login */ = {
			isa = PBXGroup;
			children = (
				FA17C4BA2433377E000516EF /* BiometricsAuthentication */,
				FA6E98A824329CEA000F2C2E /* LoginViewController.swift */,
				FA6E98A924329CEA000F2C2E /* LoginViewController.xib */,
				FA7ED09424364D1100C0060D /* FinishSignupViewController.swift */,
				FA7ED09524364D1100C0060D /* FinishSignupViewController.xib */,
			);
			path = Login;
			sourceTree = "<group>";
		};
		FA6E98AC24329CFA000F2C2E /* Dashboard */ = {
			isa = PBXGroup;
			children = (
				FA6E98AD24329D15000F2C2E /* DashboardViewController.swift */,
				FA6E98AE24329D15000F2C2E /* DashboardViewController.xib */,
			);
			path = Dashboard;
			sourceTree = "<group>";
		};
		FA6E98B124329D7D000F2C2E /* Menu */ = {
			isa = PBXGroup;
			children = (
				FA7ED098243762D200C0060D /* MenuTableViewCell.swift */,
				FA7ED099243762D200C0060D /* MenuTableViewCell.xib */,
				FA6E98B224329DA0000F2C2E /* MenuViewController.swift */,
				FA6E98B324329DA0000F2C2E /* MenuViewController.xib */,
			);
			path = Menu;
			sourceTree = "<group>";
		};
		FAB7F3E12433719800061AE5 /* BottomViews */ = {
			isa = PBXGroup;
			children = (
				FAB7F3E2243371E800061AE5 /* RequestLocationViewController.swift */,
				FAB7F3E3243371E800061AE5 /* RequestLocationViewController.xib */,
				FA7ED09C24376D3B00C0060D /* ChangeLocationViewController.swift */,
				FA7ED09D24376D3B00C0060D /* ChangeLocationViewController.xib */,
				0039FC0F243F859A0071486B /* AttentionAlertViewController.swift */,
				0039FC10243F859A0071486B /* AttentionAlertViewController.xib */,
				0039FC332440B0F30071486B /* AttentionOutZoneAlertViewController.swift */,
				0039FC342440B0F30071486B /* AttentionOutZoneAlertViewController.xib */,
			);
			path = BottomViews;
			sourceTree = "<group>";
		};
		FAB7F3EF24339B0500061AE5 /* Resources */ = {
			isa = PBXGroup;
			children = (
				FAB7F3FD24339B0500061AE5 /* OpenSans-SemiBold.ttf */,
				FAB7F3FF24339B0500061AE5 /* Avenir Roman.otf */,
				FAB7F40024339B0500061AE5 /* AvenirLTStd-Light.otf */,
				FAB7F40124339B0500061AE5 /* OpenSans-Light.ttf */,
				FAB7F40224339B0500061AE5 /* OpenSans-Italic.ttf */,
				FAB7F40424339B0500061AE5 /* OpenSans-ExtraBold.ttf */,
				FAB7F40524339B0500061AE5 /* OpenSans-LightItalic.ttf */,
				FAB7F40624339B0500061AE5 /* OpenSans-Bold.ttf */,
				FAB7F40724339B0500061AE5 /* AvenirLTStd-Book.otf */,
				FAB7F40824339B0500061AE5 /* OpenSans-SemiBoldItalic.ttf */,
				FAB7F40924339B0500061AE5 /* OpenSans-ExtraBoldItalic.ttf */,
				FAB7F40A24339B0500061AE5 /* OpenSans-Regular.ttf */,
				FAB7F40B24339B0500061AE5 /* OpenSans-BoldItalic.ttf */,
				FAB7F40C24339B0500061AE5 /* AvenirLTStd-Roman.otf */,
			);
			path = Resources;
			sourceTree = "<group>";
		};
		FAB9B83C2438FC3E007364E7 /* CheckIn */ = {
			isa = PBXGroup;
			children = (
				FAB9B83D2438FC85007364E7 /* CheckInViewController.swift */,
				FAB9B83E2438FC85007364E7 /* CheckInViewController.xib */,
				FADB80F2243DFDFA00A31CC1 /* FailCheckInViewController.swift */,
				FADB80F3243DFDFA00A31CC1 /* FailCheckInViewController.xib */,
			);
			path = CheckIn;
			sourceTree = "<group>";
		};
		FAC36C7F2435DCB0002B4928 /* Entities */ = {
			isa = PBXGroup;
			children = (
				FAC36C802435DCFC002B4928 /* UserData.swift */,
			);
			path = Entities;
			sourceTree = "<group>";
		};
		FAC36C9524388829002B4928 /* SignUp */ = {
			isa = PBXGroup;
			children = (
				FAC36C9A2438887A002B4928 /* Survey */,
				FAC36C9624388868002B4928 /* WelcomeViewController.swift */,
				FAC36C9724388868002B4928 /* WelcomeViewController.xib */,
			);
			path = SignUp;
			sourceTree = "<group>";
		};
		FAC36C9A2438887A002B4928 /* Survey */ = {
			isa = PBXGroup;
			children = (
				FAC36C9B24388894002B4928 /* SurveyViewController.swift */,
				FAC36C9C24388894002B4928 /* SurveyViewController.xib */,
				FAC36C9F243888BA002B4928 /* SurveyCell.swift */,
				FAC36CA0243888BA002B4928 /* SurveyCell.xib */,
			);
			path = Survey;
			sourceTree = "<group>";
		};
		FAC81E6E2438CEE9002DBADE /* Emergency */ = {
			isa = PBXGroup;
			children = (
				FAC81E702438CEE9002DBADE /* EmergencyViewController.swift */,
				FAC81E6F2438CEE9002DBADE /* EmergencyViewController.xib */,
			);
			path = Emergency;
			sourceTree = "<group>";
		};
		FAC81E732438CEF5002DBADE /* ContactUs */ = {
			isa = PBXGroup;
			children = (
				FA9E2378243F2CB300F0E6F2 /* ImagePicker.swift */,
				FAC81E742438CF29002DBADE /* ContactUsViewController.swift */,
				FAC81E752438CF29002DBADE /* ContactUsViewController.xib */,
			);
			path = ContactUs;
			sourceTree = "<group>";
		};
		FAC81E78243A1E8F002DBADE /* LandingPage */ = {
			isa = PBXGroup;
			children = (
				FAC81E79243A1EB2002DBADE /* LandingViewController.swift */,
				FAC81E7A243A1EB2002DBADE /* LandingViewController.xib */,
			);
			path = LandingPage;
			sourceTree = "<group>";
		};
		FAC81E7D243A83DD002DBADE /* WebContainer */ = {
			isa = PBXGroup;
			children = (
				FAC81E7E243A84A7002DBADE /* ContentViewController.swift */,
				FAC81E7F243A84A7002DBADE /* ContentViewController.xib */,
			);
			path = WebContainer;
			sourceTree = "<group>";
		};
/* End PBXGroup section */

/* Begin PBXNativeTarget section */
		FA6E9852243293F5000F2C2E /* lockDown */ = {
			isa = PBXNativeTarget;
			buildConfigurationList = FA6E987D243293FB000F2C2E /* Build configuration list for PBXNativeTarget "lockDown" */;
			buildPhases = (
				EE3FF1037D02D098424A3715 /* [CP] Check Pods Manifest.lock */,
				FA6E984F243293F5000F2C2E /* Sources */,
				FA6E9850243293F5000F2C2E /* Frameworks */,
				FA6E9851243293F5000F2C2E /* Resources */,
				E78C9E365C9EC2157399A5F7 /* [CP] Embed Pods Frameworks */,
				D5CD65256F375D4B516DBC50 /* [CP] Copy Pods Resources */,
			);
			buildRules = (
			);
			dependencies = (
			);
			name = lockDown;
			productName = lockDown;
			productReference = FA6E9853243293F5000F2C2E /* lockDown.app */;
			productType = "com.apple.product-type.application";
		};
		FA6E9868243293FB000F2C2E /* lockDownTests */ = {
			isa = PBXNativeTarget;
			buildConfigurationList = FA6E9880243293FB000F2C2E /* Build configuration list for PBXNativeTarget "lockDownTests" */;
			buildPhases = (
				FE303FE5CEF98F1848B84C9F /* [CP] Check Pods Manifest.lock */,
				FA6E9865243293FB000F2C2E /* Sources */,
				FA6E9866243293FB000F2C2E /* Frameworks */,
				FA6E9867243293FB000F2C2E /* Resources */,
			);
			buildRules = (
			);
			dependencies = (
				FA6E986B243293FB000F2C2E /* PBXTargetDependency */,
			);
			name = lockDownTests;
			productName = lockDownTests;
			productReference = FA6E9869243293FB000F2C2E /* lockDownTests.xctest */;
			productType = "com.apple.product-type.bundle.unit-test";
		};
		FA6E9873243293FB000F2C2E /* lockDownUITests */ = {
			isa = PBXNativeTarget;
			buildConfigurationList = FA6E9883243293FB000F2C2E /* Build configuration list for PBXNativeTarget "lockDownUITests" */;
			buildPhases = (
				A04566D42F7EA7ECCCE86B48 /* [CP] Check Pods Manifest.lock */,
				FA6E9870243293FB000F2C2E /* Sources */,
				FA6E9871243293FB000F2C2E /* Frameworks */,
				FA6E9872243293FB000F2C2E /* Resources */,
				D8BCF101915279D6BACDDDAC /* [CP] Embed Pods Frameworks */,
				6F9495E44168FA9994361A75 /* [CP] Copy Pods Resources */,
			);
			buildRules = (
			);
			dependencies = (
				FA6E9876243293FB000F2C2E /* PBXTargetDependency */,
			);
			name = lockDownUITests;
			productName = lockDownUITests;
			productReference = FA6E9874243293FB000F2C2E /* lockDownUITests.xctest */;
			productType = "com.apple.product-type.bundle.ui-testing";
		};
/* End PBXNativeTarget section */

/* Begin PBXProject section */
		FA6E984B243293F5000F2C2E /* Project object */ = {
			isa = PBXProject;
			attributes = {
				LastSwiftUpdateCheck = 1130;
				LastUpgradeCheck = 1130;
				ORGANIZATIONNAME = "Ahmed Mh";
				TargetAttributes = {
					FA6E9852243293F5000F2C2E = {
						CreatedOnToolsVersion = 11.3.1;
						LastSwiftMigration = 1130;
					};
					FA6E9868243293FB000F2C2E = {
						CreatedOnToolsVersion = 11.3.1;
						TestTargetID = FA6E9852243293F5000F2C2E;
					};
					FA6E9873243293FB000F2C2E = {
						CreatedOnToolsVersion = 11.3.1;
						TestTargetID = FA6E9852243293F5000F2C2E;
					};
				};
			};
			buildConfigurationList = FA6E984E243293F5000F2C2E /* Build configuration list for PBXProject "lockDown" */;
			compatibilityVersion = "Xcode 9.3";
			developmentRegion = en;
			hasScannedForEncodings = 0;
			knownRegions = (
				en,
				Base,
				ar,
			);
			mainGroup = FA6E984A243293F5000F2C2E;
			productRefGroup = FA6E9854243293F5000F2C2E /* Products */;
			projectDirPath = "";
			projectRoot = "";
			targets = (
				FA6E9852243293F5000F2C2E /* lockDown */,
				FA6E9868243293FB000F2C2E /* lockDownTests */,
				FA6E9873243293FB000F2C2E /* lockDownUITests */,
			);
		};
/* End PBXProject section */

/* Begin PBXResourcesBuildPhase section */
		FA6E9851243293F5000F2C2E /* Resources */ = {
			isa = PBXResourcesBuildPhase;
			buildActionMask = 2147483647;
			files = (
				FA6E98AB24329CEA000F2C2E /* LoginViewController.xib in Resources */,
				FAB7F3E5243371E800061AE5 /* RequestLocationViewController.xib in Resources */,
				FAB7F42024339B0600061AE5 /* OpenSans-Regular.ttf in Resources */,
				FAB7F41A24339B0600061AE5 /* OpenSans-ExtraBold.ttf in Resources */,
				FAB7F41324339B0500061AE5 /* OpenSans-SemiBold.ttf in Resources */,
				FAC36C9924388868002B4928 /* WelcomeViewController.xib in Resources */,
				FAB7F41524339B0600061AE5 /* Avenir Roman.otf in Resources */,
				FAC36CA2243888BA002B4928 /* SurveyCell.xib in Resources */,
				FAC36C8524375E50002B4928 /* BiometricsBottomViewController.xib in Resources */,
				FAB7F41824339B0600061AE5 /* OpenSans-Italic.ttf in Resources */,
				FAC81E712438CEE9002DBADE /* EmergencyViewController.xib in Resources */,
				FAB7F41E24339B0600061AE5 /* OpenSans-SemiBoldItalic.ttf in Resources */,
				FA7ED09B243762D200C0060D /* MenuTableViewCell.xib in Resources */,
				FA7ED09F24376D3B00C0060D /* ChangeLocationViewController.xib in Resources */,
				FA6E98B524329DA0000F2C2E /* MenuViewController.xib in Resources */,
				FAC81E7C243A1EB2002DBADE /* LandingViewController.xib in Resources */,
				FA6E9863243293FB000F2C2E /* LaunchScreen.storyboard in Resources */,
				FAB7F3EC2433989F00061AE5 /* Localizable.strings in Resources */,
				FAB7F41624339B0600061AE5 /* AvenirLTStd-Light.otf in Resources */,
				FAB7F41D24339B0600061AE5 /* AvenirLTStd-Book.otf in Resources */,
				FAC81E81243A84A7002DBADE /* ContentViewController.xib in Resources */,
				FAB7F41F24339B0600061AE5 /* OpenSans-ExtraBoldItalic.ttf in Resources */,
				0039FC12243F859A0071486B /* AttentionAlertViewController.xib in Resources */,
				FA6E98B024329D15000F2C2E /* DashboardViewController.xib in Resources */,
				FAB7F41B24339B0600061AE5 /* OpenSans-LightItalic.ttf in Resources */,
				FA17C4BE243337B9000516EF /* BiometricsAuthViewController.xib in Resources */,
				FA6E9860243293FB000F2C2E /* Assets.xcassets in Resources */,
				FAB7F41C24339B0600061AE5 /* OpenSans-Bold.ttf in Resources */,
				FAB7F42124339B0600061AE5 /* OpenSans-BoldItalic.ttf in Resources */,
				FA6E985E243293F5000F2C2E /* Main.storyboard in Resources */,
				FAC81E772438CF29002DBADE /* ContactUsViewController.xib in Resources */,
				FAB7F42224339B0600061AE5 /* AvenirLTStd-Roman.otf in Resources */,
				FA6E98B7243350CE000F2C2E /* GoogleService-Info.plist in Resources */,
				FAB7F41724339B0600061AE5 /* OpenSans-Light.ttf in Resources */,
				FAC36C9E24388894002B4928 /* SurveyViewController.xib in Resources */,
				0039FC362440B0F40071486B /* AttentionOutZoneAlertViewController.xib in Resources */,
				FAB9B8402438FC85007364E7 /* CheckInViewController.xib in Resources */,
				FADB80F5243DFDFB00A31CC1 /* FailCheckInViewController.xib in Resources */,
				FA7ED09724364D1100C0060D /* FinishSignupViewController.xib in Resources */,
			);
			runOnlyForDeploymentPostprocessing = 0;
		};
		FA6E9867243293FB000F2C2E /* Resources */ = {
			isa = PBXResourcesBuildPhase;
			buildActionMask = 2147483647;
			files = (
			);
			runOnlyForDeploymentPostprocessing = 0;
		};
		FA6E9872243293FB000F2C2E /* Resources */ = {
			isa = PBXResourcesBuildPhase;
			buildActionMask = 2147483647;
			files = (
			);
			runOnlyForDeploymentPostprocessing = 0;
		};
/* End PBXResourcesBuildPhase section */

/* Begin PBXShellScriptBuildPhase section */
		6F9495E44168FA9994361A75 /* [CP] Copy Pods Resources */ = {
			isa = PBXShellScriptBuildPhase;
			buildActionMask = 2147483647;
			files = (
			);
			inputFileListPaths = (
				"${PODS_ROOT}/Target Support Files/Pods-lockDown-lockDownUITests/Pods-lockDown-lockDownUITests-resources-${CONFIGURATION}-input-files.xcfilelist",
			);
			name = "[CP] Copy Pods Resources";
			outputFileListPaths = (
				"${PODS_ROOT}/Target Support Files/Pods-lockDown-lockDownUITests/Pods-lockDown-lockDownUITests-resources-${CONFIGURATION}-output-files.xcfilelist",
			);
			runOnlyForDeploymentPostprocessing = 0;
			shellPath = /bin/sh;
			shellScript = "\"${PODS_ROOT}/Target Support Files/Pods-lockDown-lockDownUITests/Pods-lockDown-lockDownUITests-resources.sh\"\n";
			showEnvVarsInLog = 0;
		};
		A04566D42F7EA7ECCCE86B48 /* [CP] Check Pods Manifest.lock */ = {
			isa = PBXShellScriptBuildPhase;
			buildActionMask = 2147483647;
			files = (
			);
			inputFileListPaths = (
			);
			inputPaths = (
				"${PODS_PODFILE_DIR_PATH}/Podfile.lock",
				"${PODS_ROOT}/Manifest.lock",
			);
			name = "[CP] Check Pods Manifest.lock";
			outputFileListPaths = (
			);
			outputPaths = (
				"$(DERIVED_FILE_DIR)/Pods-lockDown-lockDownUITests-checkManifestLockResult.txt",
			);
			runOnlyForDeploymentPostprocessing = 0;
			shellPath = /bin/sh;
			shellScript = "diff \"${PODS_PODFILE_DIR_PATH}/Podfile.lock\" \"${PODS_ROOT}/Manifest.lock\" > /dev/null\nif [ $? != 0 ] ; then\n    # print error to STDERR\n    echo \"error: The sandbox is not in sync with the Podfile.lock. Run 'pod install' or update your CocoaPods installation.\" >&2\n    exit 1\nfi\n# This output is used by Xcode 'outputs' to avoid re-running this script phase.\necho \"SUCCESS\" > \"${SCRIPT_OUTPUT_FILE_0}\"\n";
			showEnvVarsInLog = 0;
		};
		D5CD65256F375D4B516DBC50 /* [CP] Copy Pods Resources */ = {
			isa = PBXShellScriptBuildPhase;
			buildActionMask = 2147483647;
			files = (
			);
			inputFileListPaths = (
				"${PODS_ROOT}/Target Support Files/Pods-lockDown/Pods-lockDown-resources-${CONFIGURATION}-input-files.xcfilelist",
			);
			name = "[CP] Copy Pods Resources";
			outputFileListPaths = (
				"${PODS_ROOT}/Target Support Files/Pods-lockDown/Pods-lockDown-resources-${CONFIGURATION}-output-files.xcfilelist",
			);
			runOnlyForDeploymentPostprocessing = 0;
			shellPath = /bin/sh;
			shellScript = "\"${PODS_ROOT}/Target Support Files/Pods-lockDown/Pods-lockDown-resources.sh\"\n";
			showEnvVarsInLog = 0;
		};
		D8BCF101915279D6BACDDDAC /* [CP] Embed Pods Frameworks */ = {
			isa = PBXShellScriptBuildPhase;
			buildActionMask = 2147483647;
			files = (
			);
			inputFileListPaths = (
				"${PODS_ROOT}/Target Support Files/Pods-lockDown-lockDownUITests/Pods-lockDown-lockDownUITests-frameworks-${CONFIGURATION}-input-files.xcfilelist",
			);
			name = "[CP] Embed Pods Frameworks";
			outputFileListPaths = (
				"${PODS_ROOT}/Target Support Files/Pods-lockDown-lockDownUITests/Pods-lockDown-lockDownUITests-frameworks-${CONFIGURATION}-output-files.xcfilelist",
			);
			runOnlyForDeploymentPostprocessing = 0;
			shellPath = /bin/sh;
			shellScript = "\"${PODS_ROOT}/Target Support Files/Pods-lockDown-lockDownUITests/Pods-lockDown-lockDownUITests-frameworks.sh\"\n";
			showEnvVarsInLog = 0;
		};
		E78C9E365C9EC2157399A5F7 /* [CP] Embed Pods Frameworks */ = {
			isa = PBXShellScriptBuildPhase;
			buildActionMask = 2147483647;
			files = (
			);
			inputFileListPaths = (
				"${PODS_ROOT}/Target Support Files/Pods-lockDown/Pods-lockDown-frameworks-${CONFIGURATION}-input-files.xcfilelist",
			);
			name = "[CP] Embed Pods Frameworks";
			outputFileListPaths = (
				"${PODS_ROOT}/Target Support Files/Pods-lockDown/Pods-lockDown-frameworks-${CONFIGURATION}-output-files.xcfilelist",
			);
			runOnlyForDeploymentPostprocessing = 0;
			shellPath = /bin/sh;
			shellScript = "\"${PODS_ROOT}/Target Support Files/Pods-lockDown/Pods-lockDown-frameworks.sh\"\n";
			showEnvVarsInLog = 0;
		};
		EE3FF1037D02D098424A3715 /* [CP] Check Pods Manifest.lock */ = {
			isa = PBXShellScriptBuildPhase;
			buildActionMask = 2147483647;
			files = (
			);
			inputFileListPaths = (
			);
			inputPaths = (
				"${PODS_PODFILE_DIR_PATH}/Podfile.lock",
				"${PODS_ROOT}/Manifest.lock",
			);
			name = "[CP] Check Pods Manifest.lock";
			outputFileListPaths = (
			);
			outputPaths = (
				"$(DERIVED_FILE_DIR)/Pods-lockDown-checkManifestLockResult.txt",
			);
			runOnlyForDeploymentPostprocessing = 0;
			shellPath = /bin/sh;
			shellScript = "diff \"${PODS_PODFILE_DIR_PATH}/Podfile.lock\" \"${PODS_ROOT}/Manifest.lock\" > /dev/null\nif [ $? != 0 ] ; then\n    # print error to STDERR\n    echo \"error: The sandbox is not in sync with the Podfile.lock. Run 'pod install' or update your CocoaPods installation.\" >&2\n    exit 1\nfi\n# This output is used by Xcode 'outputs' to avoid re-running this script phase.\necho \"SUCCESS\" > \"${SCRIPT_OUTPUT_FILE_0}\"\n";
			showEnvVarsInLog = 0;
		};
		FE303FE5CEF98F1848B84C9F /* [CP] Check Pods Manifest.lock */ = {
			isa = PBXShellScriptBuildPhase;
			buildActionMask = 2147483647;
			files = (
			);
			inputFileListPaths = (
			);
			inputPaths = (
				"${PODS_PODFILE_DIR_PATH}/Podfile.lock",
				"${PODS_ROOT}/Manifest.lock",
			);
			name = "[CP] Check Pods Manifest.lock";
			outputFileListPaths = (
			);
			outputPaths = (
				"$(DERIVED_FILE_DIR)/Pods-lockDownTests-checkManifestLockResult.txt",
			);
			runOnlyForDeploymentPostprocessing = 0;
			shellPath = /bin/sh;
			shellScript = "diff \"${PODS_PODFILE_DIR_PATH}/Podfile.lock\" \"${PODS_ROOT}/Manifest.lock\" > /dev/null\nif [ $? != 0 ] ; then\n    # print error to STDERR\n    echo \"error: The sandbox is not in sync with the Podfile.lock. Run 'pod install' or update your CocoaPods installation.\" >&2\n    exit 1\nfi\n# This output is used by Xcode 'outputs' to avoid re-running this script phase.\necho \"SUCCESS\" > \"${SCRIPT_OUTPUT_FILE_0}\"\n";
			showEnvVarsInLog = 0;
		};
/* End PBXShellScriptBuildPhase section */

/* Begin PBXSourcesBuildPhase section */
		FA6E984F243293F5000F2C2E /* Sources */ = {
			isa = PBXSourcesBuildPhase;
			buildActionMask = 2147483647;
			files = (
				FA6E98A524329B83000F2C2E /* Checkbox.swift in Sources */,
				FA6E98B424329DA0000F2C2E /* MenuViewController.swift in Sources */,
				FA6E98AF24329D15000F2C2E /* DashboardViewController.swift in Sources */,
				FA6E98A024329B83000F2C2E /* Constants.swift in Sources */,
				FA6E989524329B7B000F2C2E /* APIRouter.swift in Sources */,
				00E0FEBD243E6D0700FD3DCB /* CustomReachability.swift in Sources */,
				FA6E98A424329B83000F2C2E /* TextField.swift in Sources */,
				FAB9B83F2438FC85007364E7 /* CheckInViewController.swift in Sources */,
				FAC36C9824388868002B4928 /* WelcomeViewController.swift in Sources */,
				FA6E98A124329B83000F2C2E /* LanguageManager.swift in Sources */,
				FA7ED09E24376D3B00C0060D /* ChangeLocationViewController.swift in Sources */,
				FAC36CA1243888BA002B4928 /* SurveyCell.swift in Sources */,
				FA6E985B243293F5000F2C2E /* ViewController.swift in Sources */,
				FAE627DB243CE4A90011B7A1 /* CustomTimer.swift in Sources */,
				FAC36C9D24388894002B4928 /* SurveyViewController.swift in Sources */,
				FAB7F3E4243371E800061AE5 /* RequestLocationViewController.swift in Sources */,
				FA6E98A224329B83000F2C2E /* Label.swift in Sources */,
				FAC36C8424375E50002B4928 /* BiometricsBottomViewController.swift in Sources */,
				FA9E2379243F2CB300F0E6F2 /* ImagePicker.swift in Sources */,
				FAC81E80243A84A7002DBADE /* ContentViewController.swift in Sources */,
				FA7ED09A243762D200C0060D /* MenuTableViewCell.swift in Sources */,
				FA7ED09624364D1100C0060D /* FinishSignupViewController.swift in Sources */,
				FA66D6442434B8880036D137 /* BaseController.swift in Sources */,
				FAC81E7B243A1EB2002DBADE /* LandingViewController.swift in Sources */,
				FA6E9857243293F5000F2C2E /* AppDelegate.swift in Sources */,
				0039FC352440B0F40071486B /* AttentionOutZoneAlertViewController.swift in Sources */,
				FA6E9859243293F5000F2C2E /* SceneDelegate.swift in Sources */,
				FAB7F3D82433674400061AE5 /* Extensions.swift in Sources */,
				FA17C4BD243337B9000516EF /* BiometricsAuthViewController.swift in Sources */,
				FAC81E722438CEE9002DBADE /* EmergencyViewController.swift in Sources */,
				FA6E98A324329B83000F2C2E /* NormalTextField.swift in Sources */,
				FA6E989424329B7B000F2C2E /* APIClient.swift in Sources */,
				0039FC11243F859A0071486B /* AttentionAlertViewController.swift in Sources */,
				FAC81E762438CF29002DBADE /* ContactUsViewController.swift in Sources */,
				FADB80F4243DFDFB00A31CC1 /* FailCheckInViewController.swift in Sources */,
				FA6E98AA24329CEA000F2C2E /* LoginViewController.swift in Sources */,
				FAC36C812435DCFC002B4928 /* UserData.swift in Sources */,
				FA6E98A624329B83000F2C2E /* Button.swift in Sources */,
			);
			runOnlyForDeploymentPostprocessing = 0;
		};
		FA6E9865243293FB000F2C2E /* Sources */ = {
			isa = PBXSourcesBuildPhase;
			buildActionMask = 2147483647;
			files = (
				FA6E986E243293FB000F2C2E /* lockDownTests.swift in Sources */,
			);
			runOnlyForDeploymentPostprocessing = 0;
		};
		FA6E9870243293FB000F2C2E /* Sources */ = {
			isa = PBXSourcesBuildPhase;
			buildActionMask = 2147483647;
			files = (
				FA6E9879243293FB000F2C2E /* lockDownUITests.swift in Sources */,
			);
			runOnlyForDeploymentPostprocessing = 0;
		};
/* End PBXSourcesBuildPhase section */

/* Begin PBXTargetDependency section */
		FA6E986B243293FB000F2C2E /* PBXTargetDependency */ = {
			isa = PBXTargetDependency;
			target = FA6E9852243293F5000F2C2E /* lockDown */;
			targetProxy = FA6E986A243293FB000F2C2E /* PBXContainerItemProxy */;
		};
		FA6E9876243293FB000F2C2E /* PBXTargetDependency */ = {
			isa = PBXTargetDependency;
			target = FA6E9852243293F5000F2C2E /* lockDown */;
			targetProxy = FA6E9875243293FB000F2C2E /* PBXContainerItemProxy */;
		};
/* End PBXTargetDependency section */

/* Begin PBXVariantGroup section */
		FA6E985C243293F5000F2C2E /* Main.storyboard */ = {
			isa = PBXVariantGroup;
			children = (
				FA6E985D243293F5000F2C2E /* Base */,
				FAB7F3E62433982100061AE5 /* ar */,
			);
			name = Main.storyboard;
			sourceTree = "<group>";
		};
		FA6E9861243293FB000F2C2E /* LaunchScreen.storyboard */ = {
			isa = PBXVariantGroup;
			children = (
				FA6E9862243293FB000F2C2E /* Base */,
				FAB7F3E72433982100061AE5 /* ar */,
			);
			name = LaunchScreen.storyboard;
			sourceTree = "<group>";
		};
		FAB7F3EA2433989F00061AE5 /* Localizable.strings */ = {
			isa = PBXVariantGroup;
			children = (
				FAB7F3EB2433989F00061AE5 /* Base */,
				FAB7F3ED243398BA00061AE5 /* ar */,
				FAB7F3EE243398BB00061AE5 /* en */,
			);
			name = Localizable.strings;
			sourceTree = "<group>";
		};
/* End PBXVariantGroup section */

/* Begin XCBuildConfiguration section */
		FA6E987B243293FB000F2C2E /* Debug */ = {
			isa = XCBuildConfiguration;
			buildSettings = {
				ALWAYS_SEARCH_USER_PATHS = NO;
				CLANG_ANALYZER_LOCALIZABILITY_NONLOCALIZED = YES;
				CLANG_ANALYZER_NONNULL = YES;
				CLANG_ANALYZER_NUMBER_OBJECT_CONVERSION = YES_AGGRESSIVE;
				CLANG_CXX_LANGUAGE_STANDARD = "gnu++14";
				CLANG_CXX_LIBRARY = "libc++";
				CLANG_ENABLE_MODULES = YES;
				CLANG_ENABLE_OBJC_ARC = YES;
				CLANG_ENABLE_OBJC_WEAK = YES;
				CLANG_WARN_BLOCK_CAPTURE_AUTORELEASING = YES;
				CLANG_WARN_BOOL_CONVERSION = YES;
				CLANG_WARN_COMMA = YES;
				CLANG_WARN_CONSTANT_CONVERSION = YES;
				CLANG_WARN_DEPRECATED_OBJC_IMPLEMENTATIONS = YES;
				CLANG_WARN_DIRECT_OBJC_ISA_USAGE = YES_ERROR;
				CLANG_WARN_DOCUMENTATION_COMMENTS = YES;
				CLANG_WARN_EMPTY_BODY = YES;
				CLANG_WARN_ENUM_CONVERSION = YES;
				CLANG_WARN_INFINITE_RECURSION = YES;
				CLANG_WARN_INT_CONVERSION = YES;
				CLANG_WARN_NON_LITERAL_NULL_CONVERSION = YES;
				CLANG_WARN_OBJC_IMPLICIT_RETAIN_SELF = YES;
				CLANG_WARN_OBJC_LITERAL_CONVERSION = YES;
				CLANG_WARN_OBJC_ROOT_CLASS = YES_ERROR;
				CLANG_WARN_RANGE_LOOP_ANALYSIS = YES;
				CLANG_WARN_STRICT_PROTOTYPES = YES;
				CLANG_WARN_SUSPICIOUS_MOVE = YES;
				CLANG_WARN_UNGUARDED_AVAILABILITY = YES_AGGRESSIVE;
				CLANG_WARN_UNREACHABLE_CODE = YES;
				CLANG_WARN__DUPLICATE_METHOD_MATCH = YES;
				COPY_PHASE_STRIP = NO;
				DEBUG_INFORMATION_FORMAT = dwarf;
				ENABLE_STRICT_OBJC_MSGSEND = YES;
				ENABLE_TESTABILITY = YES;
				GCC_C_LANGUAGE_STANDARD = gnu11;
				GCC_DYNAMIC_NO_PIC = NO;
				GCC_NO_COMMON_BLOCKS = YES;
				GCC_OPTIMIZATION_LEVEL = 0;
				GCC_PREPROCESSOR_DEFINITIONS = (
					"DEBUG=1",
					"$(inherited)",
				);
				GCC_WARN_64_TO_32_BIT_CONVERSION = YES;
				GCC_WARN_ABOUT_RETURN_TYPE = YES_ERROR;
				GCC_WARN_UNDECLARED_SELECTOR = YES;
				GCC_WARN_UNINITIALIZED_AUTOS = YES_AGGRESSIVE;
				GCC_WARN_UNUSED_FUNCTION = YES;
				GCC_WARN_UNUSED_VARIABLE = YES;
				IPHONEOS_DEPLOYMENT_TARGET = 13.2;
				MTL_ENABLE_DEBUG_INFO = INCLUDE_SOURCE;
				MTL_FAST_MATH = YES;
				ONLY_ACTIVE_ARCH = YES;
				SDKROOT = iphoneos;
				SWIFT_ACTIVE_COMPILATION_CONDITIONS = DEBUG;
				SWIFT_OPTIMIZATION_LEVEL = "-Onone";
			};
			name = Debug;
		};
		FA6E987C243293FB000F2C2E /* Release */ = {
			isa = XCBuildConfiguration;
			buildSettings = {
				ALWAYS_SEARCH_USER_PATHS = NO;
				CLANG_ANALYZER_LOCALIZABILITY_NONLOCALIZED = YES;
				CLANG_ANALYZER_NONNULL = YES;
				CLANG_ANALYZER_NUMBER_OBJECT_CONVERSION = YES_AGGRESSIVE;
				CLANG_CXX_LANGUAGE_STANDARD = "gnu++14";
				CLANG_CXX_LIBRARY = "libc++";
				CLANG_ENABLE_MODULES = YES;
				CLANG_ENABLE_OBJC_ARC = YES;
				CLANG_ENABLE_OBJC_WEAK = YES;
				CLANG_WARN_BLOCK_CAPTURE_AUTORELEASING = YES;
				CLANG_WARN_BOOL_CONVERSION = YES;
				CLANG_WARN_COMMA = YES;
				CLANG_WARN_CONSTANT_CONVERSION = YES;
				CLANG_WARN_DEPRECATED_OBJC_IMPLEMENTATIONS = YES;
				CLANG_WARN_DIRECT_OBJC_ISA_USAGE = YES_ERROR;
				CLANG_WARN_DOCUMENTATION_COMMENTS = YES;
				CLANG_WARN_EMPTY_BODY = YES;
				CLANG_WARN_ENUM_CONVERSION = YES;
				CLANG_WARN_INFINITE_RECURSION = YES;
				CLANG_WARN_INT_CONVERSION = YES;
				CLANG_WARN_NON_LITERAL_NULL_CONVERSION = YES;
				CLANG_WARN_OBJC_IMPLICIT_RETAIN_SELF = YES;
				CLANG_WARN_OBJC_LITERAL_CONVERSION = YES;
				CLANG_WARN_OBJC_ROOT_CLASS = YES_ERROR;
				CLANG_WARN_RANGE_LOOP_ANALYSIS = YES;
				CLANG_WARN_STRICT_PROTOTYPES = YES;
				CLANG_WARN_SUSPICIOUS_MOVE = YES;
				CLANG_WARN_UNGUARDED_AVAILABILITY = YES_AGGRESSIVE;
				CLANG_WARN_UNREACHABLE_CODE = YES;
				CLANG_WARN__DUPLICATE_METHOD_MATCH = YES;
				COPY_PHASE_STRIP = NO;
				DEBUG_INFORMATION_FORMAT = "dwarf-with-dsym";
				ENABLE_NS_ASSERTIONS = NO;
				ENABLE_STRICT_OBJC_MSGSEND = YES;
				GCC_C_LANGUAGE_STANDARD = gnu11;
				GCC_NO_COMMON_BLOCKS = YES;
				GCC_WARN_64_TO_32_BIT_CONVERSION = YES;
				GCC_WARN_ABOUT_RETURN_TYPE = YES_ERROR;
				GCC_WARN_UNDECLARED_SELECTOR = YES;
				GCC_WARN_UNINITIALIZED_AUTOS = YES_AGGRESSIVE;
				GCC_WARN_UNUSED_FUNCTION = YES;
				GCC_WARN_UNUSED_VARIABLE = YES;
				IPHONEOS_DEPLOYMENT_TARGET = 13.2;
				MTL_ENABLE_DEBUG_INFO = NO;
				MTL_FAST_MATH = YES;
				SDKROOT = iphoneos;
				SWIFT_COMPILATION_MODE = wholemodule;
				SWIFT_OPTIMIZATION_LEVEL = "-O";
				VALIDATE_PRODUCT = YES;
			};
			name = Release;
		};
		FA6E987E243293FB000F2C2E /* Debug */ = {
			isa = XCBuildConfiguration;
			baseConfigurationReference = E7DE332401585B97E3467E89 /* Pods-lockDown.debug.xcconfig */;
			buildSettings = {
				ASSETCATALOG_COMPILER_APPICON_NAME = AppIcon;
				CLANG_ENABLE_MODULES = YES;
				CODE_SIGN_ENTITLEMENTS = lockDown/lockDown.entitlements;
				CODE_SIGN_IDENTITY = "Apple Development";
				CODE_SIGN_STYLE = Automatic;
				CURRENT_PROJECT_VERSION = 20041001;
				DEVELOPMENT_TEAM = ST4BY654BM;
				INFOPLIST_FILE = lockDown/Info.plist;
				IPHONEOS_DEPLOYMENT_TARGET = 12.0;
				IPHONEOS_DEPLOYMENT_TARGET = 11.0;
				LD_RUNPATH_SEARCH_PATHS = (
					"$(inherited)",
					"@executable_path/Frameworks",
				);
				PRODUCT_BUNDLE_IDENTIFIER = com.machinestalk.StayAtHome;
				PRODUCT_NAME = "$(TARGET_NAME)";
				PROVISIONING_PROFILE_SPECIFIER = "";
				SWIFT_OBJC_BRIDGING_HEADER = "";
				SWIFT_OPTIMIZATION_LEVEL = "-Onone";
				SWIFT_VERSION = 5.0;
				TARGETED_DEVICE_FAMILY = 1;
			};
			name = Debug;
		};
		FA6E987F243293FB000F2C2E /* Release */ = {
			isa = XCBuildConfiguration;
			baseConfigurationReference = F261705A9F8FED30AE760D35 /* Pods-lockDown.release.xcconfig */;
			buildSettings = {
				ASSETCATALOG_COMPILER_APPICON_NAME = AppIcon;
				CLANG_ENABLE_MODULES = YES;
				CODE_SIGN_ENTITLEMENTS = lockDown/lockDown.entitlements;
				CODE_SIGN_IDENTITY = "Apple Development";
				CODE_SIGN_STYLE = Automatic;
				CURRENT_PROJECT_VERSION = 20041001;
				DEVELOPMENT_TEAM = ST4BY654BM;
				INFOPLIST_FILE = lockDown/Info.plist;
				IPHONEOS_DEPLOYMENT_TARGET = 12.0;
				IPHONEOS_DEPLOYMENT_TARGET = 11.0;
				LD_RUNPATH_SEARCH_PATHS = (
					"$(inherited)",
					"@executable_path/Frameworks",
				);
				PRODUCT_BUNDLE_IDENTIFIER = com.machinestalk.StayAtHome;
				PRODUCT_NAME = "$(TARGET_NAME)";
				PROVISIONING_PROFILE_SPECIFIER = "";
				SWIFT_OBJC_BRIDGING_HEADER = "";
				SWIFT_VERSION = 5.0;
				TARGETED_DEVICE_FAMILY = 1;
			};
			name = Release;
		};
		FA6E9881243293FB000F2C2E /* Debug */ = {
			isa = XCBuildConfiguration;
			baseConfigurationReference = FF396EA1F94943DCDE0350F6 /* Pods-lockDownTests.debug.xcconfig */;
			buildSettings = {
				ALWAYS_EMBED_SWIFT_STANDARD_LIBRARIES = YES;
				BUNDLE_LOADER = "$(TEST_HOST)";
				CODE_SIGN_STYLE = Automatic;
				DEVELOPMENT_TEAM = ST4BY654BM;
				INFOPLIST_FILE = lockDownTests/Info.plist;
				IPHONEOS_DEPLOYMENT_TARGET = 13.2;
				LD_RUNPATH_SEARCH_PATHS = (
					"$(inherited)",
					"@executable_path/Frameworks",
					"@loader_path/Frameworks",
				);
				PRODUCT_BUNDLE_IDENTIFIER = com.machinestalk.lockDownTests;
				PRODUCT_NAME = "$(TARGET_NAME)";
				SWIFT_VERSION = 5.0;
				TARGETED_DEVICE_FAMILY = "1,2";
				TEST_HOST = "$(BUILT_PRODUCTS_DIR)/lockDown.app/lockDown";
			};
			name = Debug;
		};
		FA6E9882243293FB000F2C2E /* Release */ = {
			isa = XCBuildConfiguration;
			baseConfigurationReference = 22C13EC0E87A2759A3921A8D /* Pods-lockDownTests.release.xcconfig */;
			buildSettings = {
				ALWAYS_EMBED_SWIFT_STANDARD_LIBRARIES = YES;
				BUNDLE_LOADER = "$(TEST_HOST)";
				CODE_SIGN_STYLE = Automatic;
				DEVELOPMENT_TEAM = ST4BY654BM;
				INFOPLIST_FILE = lockDownTests/Info.plist;
				IPHONEOS_DEPLOYMENT_TARGET = 13.2;
				LD_RUNPATH_SEARCH_PATHS = (
					"$(inherited)",
					"@executable_path/Frameworks",
					"@loader_path/Frameworks",
				);
				PRODUCT_BUNDLE_IDENTIFIER = com.machinestalk.lockDownTests;
				PRODUCT_NAME = "$(TARGET_NAME)";
				SWIFT_VERSION = 5.0;
				TARGETED_DEVICE_FAMILY = "1,2";
				TEST_HOST = "$(BUILT_PRODUCTS_DIR)/lockDown.app/lockDown";
			};
			name = Release;
		};
		FA6E9884243293FB000F2C2E /* Debug */ = {
			isa = XCBuildConfiguration;
			baseConfigurationReference = 9E60CBB6F69810185B51306C /* Pods-lockDown-lockDownUITests.debug.xcconfig */;
			buildSettings = {
				ALWAYS_EMBED_SWIFT_STANDARD_LIBRARIES = YES;
				CODE_SIGN_STYLE = Automatic;
				DEVELOPMENT_TEAM = ST4BY654BM;
				INFOPLIST_FILE = lockDownUITests/Info.plist;
				LD_RUNPATH_SEARCH_PATHS = (
					"$(inherited)",
					"@executable_path/Frameworks",
					"@loader_path/Frameworks",
				);
				PRODUCT_BUNDLE_IDENTIFIER = com.machinestalk.lockDownUITests;
				PRODUCT_NAME = "$(TARGET_NAME)";
				SWIFT_VERSION = 5.0;
				TARGETED_DEVICE_FAMILY = "1,2";
				TEST_TARGET_NAME = lockDown;
			};
			name = Debug;
		};
		FA6E9885243293FB000F2C2E /* Release */ = {
			isa = XCBuildConfiguration;
			baseConfigurationReference = 2344FD5529BBC0EA5178F562 /* Pods-lockDown-lockDownUITests.release.xcconfig */;
			buildSettings = {
				ALWAYS_EMBED_SWIFT_STANDARD_LIBRARIES = YES;
				CODE_SIGN_STYLE = Automatic;
				DEVELOPMENT_TEAM = ST4BY654BM;
				INFOPLIST_FILE = lockDownUITests/Info.plist;
				LD_RUNPATH_SEARCH_PATHS = (
					"$(inherited)",
					"@executable_path/Frameworks",
					"@loader_path/Frameworks",
				);
				PRODUCT_BUNDLE_IDENTIFIER = com.machinestalk.lockDownUITests;
				PRODUCT_NAME = "$(TARGET_NAME)";
				SWIFT_VERSION = 5.0;
				TARGETED_DEVICE_FAMILY = "1,2";
				TEST_TARGET_NAME = lockDown;
			};
			name = Release;
		};
/* End XCBuildConfiguration section */

/* Begin XCConfigurationList section */
		FA6E984E243293F5000F2C2E /* Build configuration list for PBXProject "lockDown" */ = {
			isa = XCConfigurationList;
			buildConfigurations = (
				FA6E987B243293FB000F2C2E /* Debug */,
				FA6E987C243293FB000F2C2E /* Release */,
			);
			defaultConfigurationIsVisible = 0;
			defaultConfigurationName = Release;
		};
		FA6E987D243293FB000F2C2E /* Build configuration list for PBXNativeTarget "lockDown" */ = {
			isa = XCConfigurationList;
			buildConfigurations = (
				FA6E987E243293FB000F2C2E /* Debug */,
				FA6E987F243293FB000F2C2E /* Release */,
			);
			defaultConfigurationIsVisible = 0;
			defaultConfigurationName = Release;
		};
		FA6E9880243293FB000F2C2E /* Build configuration list for PBXNativeTarget "lockDownTests" */ = {
			isa = XCConfigurationList;
			buildConfigurations = (
				FA6E9881243293FB000F2C2E /* Debug */,
				FA6E9882243293FB000F2C2E /* Release */,
			);
			defaultConfigurationIsVisible = 0;
			defaultConfigurationName = Release;
		};
		FA6E9883243293FB000F2C2E /* Build configuration list for PBXNativeTarget "lockDownUITests" */ = {
			isa = XCConfigurationList;
			buildConfigurations = (
				FA6E9884243293FB000F2C2E /* Debug */,
				FA6E9885243293FB000F2C2E /* Release */,
			);
			defaultConfigurationIsVisible = 0;
			defaultConfigurationName = Release;
		};
/* End XCConfigurationList section */
	};
	rootObject = FA6E984B243293F5000F2C2E /* Project object */;
}
